// !$*UTF8*$!
{
	archiveVersion = 1;
	classes = {
	};
	objectVersion = 55;
	objects = {

/* Begin PBXBuildFile section */
		65892232282AFE2B003BFB7E /* SocialMediaButton.swift in Sources */ = {isa = PBXBuildFile; fileRef = 65892231282AFE2B003BFB7E /* SocialMediaButton.swift */; };
		65892234282B0773003BFB7E /* ProductPostCard.swift in Sources */ = {isa = PBXBuildFile; fileRef = 65892233282B0773003BFB7E /* ProductPostCard.swift */; };
		65892236282B1167003BFB7E /* BttmTitle.swift in Sources */ = {isa = PBXBuildFile; fileRef = 65892235282B1167003BFB7E /* BttmTitle.swift */; };
		65B9EAFF2828A9760099D1EC /* UnimarketApp.swift in Sources */ = {isa = PBXBuildFile; fileRef = 65B9EAFE2828A9760099D1EC /* UnimarketApp.swift */; };
		65B9EB012828A9760099D1EC /* ContentView.swift in Sources */ = {isa = PBXBuildFile; fileRef = 65B9EB002828A9760099D1EC /* ContentView.swift */; };
		65B9EB032828A97B0099D1EC /* Assets.xcassets in Resources */ = {isa = PBXBuildFile; fileRef = 65B9EB022828A97B0099D1EC /* Assets.xcassets */; };
		65B9EB062828A97B0099D1EC /* Preview Assets.xcassets in Resources */ = {isa = PBXBuildFile; fileRef = 65B9EB052828A97B0099D1EC /* Preview Assets.xcassets */; };
		65B9EB122828AC920099D1EC /* MainView.swift in Sources */ = {isa = PBXBuildFile; fileRef = 65B9EB112828AC920099D1EC /* MainView.swift */; };
		65B9EB162828ACD90099D1EC /* SchoolView.swift in Sources */ = {isa = PBXBuildFile; fileRef = 65B9EB152828ACD90099D1EC /* SchoolView.swift */; };
		65B9EB182828ACEA0099D1EC /* LoginView.swift in Sources */ = {isa = PBXBuildFile; fileRef = 65B9EB172828ACEA0099D1EC /* LoginView.swift */; };
		65B9EB1A2828ACFD0099D1EC /* SignupView.swift in Sources */ = {isa = PBXBuildFile; fileRef = 65B9EB192828ACFD0099D1EC /* SignupView.swift */; };
		65B9EB1C2828AD200099D1EC /* DashboardView.swift in Sources */ = {isa = PBXBuildFile; fileRef = 65B9EB1B2828AD200099D1EC /* DashboardView.swift */; };
		65B9EB1E2828AD300099D1EC /* ProductDetailView.swift in Sources */ = {isa = PBXBuildFile; fileRef = 65B9EB1D2828AD300099D1EC /* ProductDetailView.swift */; };
		65B9EB202828AD4A0099D1EC /* NewProductView.swift in Sources */ = {isa = PBXBuildFile; fileRef = 65B9EB1F2828AD4A0099D1EC /* NewProductView.swift */; };
		65B9EB222828AD9E0099D1EC /* SellerDetailView.swift in Sources */ = {isa = PBXBuildFile; fileRef = 65B9EB212828AD9E0099D1EC /* SellerDetailView.swift */; };
		65B9EB242828ADF10099D1EC /* MenuView.swift in Sources */ = {isa = PBXBuildFile; fileRef = 65B9EB232828ADF10099D1EC /* MenuView.swift */; };
		65B9EB272828AE040099D1EC /* EditProfileView.swift in Sources */ = {isa = PBXBuildFile; fileRef = 65B9EB262828AE040099D1EC /* EditProfileView.swift */; };
		65B9EB292828AE210099D1EC /* SettingsView.swift in Sources */ = {isa = PBXBuildFile; fileRef = 65B9EB282828AE210099D1EC /* SettingsView.swift */; };
		65B9EB2B2828AE420099D1EC /* ProductsView.swift in Sources */ = {isa = PBXBuildFile; fileRef = 65B9EB2A2828AE420099D1EC /* ProductsView.swift */; };
		65B9EB2D2828AE510099D1EC /* HelpView.swift in Sources */ = {isa = PBXBuildFile; fileRef = 65B9EB2C2828AE510099D1EC /* HelpView.swift */; };
		65B9EB342828AF090099D1EC /* ProductCard.swift in Sources */ = {isa = PBXBuildFile; fileRef = 65B9EB332828AF090099D1EC /* ProductCard.swift */; };
		65B9EB362828AF220099D1EC /* CustomTextField.swift in Sources */ = {isa = PBXBuildFile; fileRef = 65B9EB352828AF220099D1EC /* CustomTextField.swift */; };
		65B9EB382828AF2F0099D1EC /* CustomButton.swift in Sources */ = {isa = PBXBuildFile; fileRef = 65B9EB372828AF2F0099D1EC /* CustomButton.swift */; };
		65B9EB3A2828AF720099D1EC /* CustomPicker.swift in Sources */ = {isa = PBXBuildFile; fileRef = 65B9EB392828AF720099D1EC /* CustomPicker.swift */; };
		65D114C1282A2D7F00626B39 /* AddProductButton.swift in Sources */ = {isa = PBXBuildFile; fileRef = 65D114C0282A2D7F00626B39 /* AddProductButton.swift */; };
		65D114C4282A338800626B39 /* ProductGridView.swift in Sources */ = {isa = PBXBuildFile; fileRef = 65D114C3282A338800626B39 /* ProductGridView.swift */; };
		65D114C6282A33FC00626B39 /* TopBarView.swift in Sources */ = {isa = PBXBuildFile; fileRef = 65D114C5282A33FC00626B39 /* TopBarView.swift */; };
		65D35CE1282A397300744D80 /* FilterView.swift in Sources */ = {isa = PBXBuildFile; fileRef = 65D35CE0282A397300744D80 /* FilterView.swift */; };
		65E3ECE32829F405008053D9 /* AuthView.swift in Sources */ = {isa = PBXBuildFile; fileRef = 65E3ECE22829F405008053D9 /* AuthView.swift */; };
		65F33C58282A4E25001A57C0 /* MenuButton.swift in Sources */ = {isa = PBXBuildFile; fileRef = 65F33C57282A4E25001A57C0 /* MenuButton.swift */; };
/* End PBXBuildFile section */

/* Begin PBXFileReference section */
		65892231282AFE2B003BFB7E /* SocialMediaButton.swift */ = {isa = PBXFileReference; lastKnownFileType = sourcecode.swift; path = SocialMediaButton.swift; sourceTree = "<group>"; };
		65892233282B0773003BFB7E /* ProductPostCard.swift */ = {isa = PBXFileReference; lastKnownFileType = sourcecode.swift; path = ProductPostCard.swift; sourceTree = "<group>"; };
		65892235282B1167003BFB7E /* BttmTitle.swift */ = {isa = PBXFileReference; lastKnownFileType = sourcecode.swift; path = BttmTitle.swift; sourceTree = "<group>"; };
		65B9EAFB2828A9760099D1EC /* UniMarket.app */ = {isa = PBXFileReference; explicitFileType = wrapper.application; includeInIndex = 0; path = UniMarket.app; sourceTree = BUILT_PRODUCTS_DIR; };
		65B9EAFE2828A9760099D1EC /* UnimarketApp.swift */ = {isa = PBXFileReference; lastKnownFileType = sourcecode.swift; path = UnimarketApp.swift; sourceTree = "<group>"; };
		65B9EB002828A9760099D1EC /* ContentView.swift */ = {isa = PBXFileReference; lastKnownFileType = sourcecode.swift; path = ContentView.swift; sourceTree = "<group>"; };
		65B9EB022828A97B0099D1EC /* Assets.xcassets */ = {isa = PBXFileReference; lastKnownFileType = folder.assetcatalog; path = Assets.xcassets; sourceTree = "<group>"; };
		65B9EB052828A97B0099D1EC /* Preview Assets.xcassets */ = {isa = PBXFileReference; lastKnownFileType = folder.assetcatalog; path = "Preview Assets.xcassets"; sourceTree = "<group>"; };
		65B9EB112828AC920099D1EC /* MainView.swift */ = {isa = PBXFileReference; lastKnownFileType = sourcecode.swift; path = MainView.swift; sourceTree = "<group>"; };
		65B9EB152828ACD90099D1EC /* SchoolView.swift */ = {isa = PBXFileReference; lastKnownFileType = sourcecode.swift; path = SchoolView.swift; sourceTree = "<group>"; };
		65B9EB172828ACEA0099D1EC /* LoginView.swift */ = {isa = PBXFileReference; lastKnownFileType = sourcecode.swift; path = LoginView.swift; sourceTree = "<group>"; };
		65B9EB192828ACFD0099D1EC /* SignupView.swift */ = {isa = PBXFileReference; lastKnownFileType = sourcecode.swift; path = SignupView.swift; sourceTree = "<group>"; };
		65B9EB1B2828AD200099D1EC /* DashboardView.swift */ = {isa = PBXFileReference; lastKnownFileType = sourcecode.swift; path = DashboardView.swift; sourceTree = "<group>"; };
		65B9EB1D2828AD300099D1EC /* ProductDetailView.swift */ = {isa = PBXFileReference; lastKnownFileType = sourcecode.swift; path = ProductDetailView.swift; sourceTree = "<group>"; };
		65B9EB1F2828AD4A0099D1EC /* NewProductView.swift */ = {isa = PBXFileReference; lastKnownFileType = sourcecode.swift; path = NewProductView.swift; sourceTree = "<group>"; };
		65B9EB212828AD9E0099D1EC /* SellerDetailView.swift */ = {isa = PBXFileReference; lastKnownFileType = sourcecode.swift; path = SellerDetailView.swift; sourceTree = "<group>"; };
		65B9EB232828ADF10099D1EC /* MenuView.swift */ = {isa = PBXFileReference; lastKnownFileType = sourcecode.swift; path = MenuView.swift; sourceTree = "<group>"; };
		65B9EB262828AE040099D1EC /* EditProfileView.swift */ = {isa = PBXFileReference; lastKnownFileType = sourcecode.swift; path = EditProfileView.swift; sourceTree = "<group>"; };
		65B9EB282828AE210099D1EC /* SettingsView.swift */ = {isa = PBXFileReference; lastKnownFileType = sourcecode.swift; path = SettingsView.swift; sourceTree = "<group>"; };
		65B9EB2A2828AE420099D1EC /* ProductsView.swift */ = {isa = PBXFileReference; lastKnownFileType = sourcecode.swift; path = ProductsView.swift; sourceTree = "<group>"; };
		65B9EB2C2828AE510099D1EC /* HelpView.swift */ = {isa = PBXFileReference; lastKnownFileType = sourcecode.swift; path = HelpView.swift; sourceTree = "<group>"; };
		65B9EB332828AF090099D1EC /* ProductCard.swift */ = {isa = PBXFileReference; lastKnownFileType = sourcecode.swift; path = ProductCard.swift; sourceTree = "<group>"; };
		65B9EB352828AF220099D1EC /* CustomTextField.swift */ = {isa = PBXFileReference; lastKnownFileType = sourcecode.swift; path = CustomTextField.swift; sourceTree = "<group>"; };
		65B9EB372828AF2F0099D1EC /* CustomButton.swift */ = {isa = PBXFileReference; lastKnownFileType = sourcecode.swift; path = CustomButton.swift; sourceTree = "<group>"; };
		65B9EB392828AF720099D1EC /* CustomPicker.swift */ = {isa = PBXFileReference; lastKnownFileType = sourcecode.swift; path = CustomPicker.swift; sourceTree = "<group>"; };
		65D114C0282A2D7F00626B39 /* AddProductButton.swift */ = {isa = PBXFileReference; lastKnownFileType = sourcecode.swift; path = AddProductButton.swift; sourceTree = "<group>"; };
		65D114C3282A338800626B39 /* ProductGridView.swift */ = {isa = PBXFileReference; lastKnownFileType = sourcecode.swift; path = ProductGridView.swift; sourceTree = "<group>"; };
		65D114C5282A33FC00626B39 /* TopBarView.swift */ = {isa = PBXFileReference; lastKnownFileType = sourcecode.swift; path = TopBarView.swift; sourceTree = "<group>"; };
		65D35CE0282A397300744D80 /* FilterView.swift */ = {isa = PBXFileReference; lastKnownFileType = sourcecode.swift; path = FilterView.swift; sourceTree = "<group>"; };
		65E3ECE22829F405008053D9 /* AuthView.swift */ = {isa = PBXFileReference; lastKnownFileType = sourcecode.swift; path = AuthView.swift; sourceTree = "<group>"; };
		65F33C57282A4E25001A57C0 /* MenuButton.swift */ = {isa = PBXFileReference; lastKnownFileType = sourcecode.swift; path = MenuButton.swift; sourceTree = "<group>"; };
/* End PBXFileReference section */

/* Begin PBXFrameworksBuildPhase section */
		65B9EAF82828A9760099D1EC /* Frameworks */ = {
			isa = PBXFrameworksBuildPhase;
			buildActionMask = 2147483647;
			files = (
			);
			runOnlyForDeploymentPostprocessing = 0;
		};
/* End PBXFrameworksBuildPhase section */

/* Begin PBXGroup section */
		65B9EAF22828A9760099D1EC = {
			isa = PBXGroup;
			children = (
				65B9EAFD2828A9760099D1EC /* Unimarket */,
				65B9EAFC2828A9760099D1EC /* Products */,
			);
			sourceTree = "<group>";
		};
		65B9EAFC2828A9760099D1EC /* Products */ = {
			isa = PBXGroup;
			children = (
				65B9EAFB2828A9760099D1EC /* UniMarket.app */,
			);
			name = Products;
			sourceTree = "<group>";
		};
		65B9EAFD2828A9760099D1EC /* Unimarket */ = {
			isa = PBXGroup;
			children = (
				65B9EB0E2828AA710099D1EC /* Data */,
				65B9EB0D2828AA6B0099D1EC /* Views */,
				65B9EB0C2828AA540099D1EC /* Models */,
				65B9EAFE2828A9760099D1EC /* UnimarketApp.swift */,
				65B9EB002828A9760099D1EC /* ContentView.swift */,
				65B9EB022828A97B0099D1EC /* Assets.xcassets */,
				65B9EB042828A97B0099D1EC /* Preview Content */,
			);
			path = Unimarket;
			sourceTree = "<group>";
		};
		65B9EB042828A97B0099D1EC /* Preview Content */ = {
			isa = PBXGroup;
			children = (
				65B9EB052828A97B0099D1EC /* Preview Assets.xcassets */,
			);
			path = "Preview Content";
			sourceTree = "<group>";
		};
		65B9EB0C2828AA540099D1EC /* Models */ = {
			isa = PBXGroup;
			children = (
			);
			path = Models;
			sourceTree = "<group>";
		};
		65B9EB0D2828AA6B0099D1EC /* Views */ = {
			isa = PBXGroup;
			children = (
				65D114C2282A336A00626B39 /* Dashboard */,
				65B9EB252828ADF50099D1EC /* Menu */,
				65B9EB142828ACB40099D1EC /* Auth */,
				65B9EB102828AA870099D1EC /* CustomObjects */,
				65B9EB112828AC920099D1EC /* MainView.swift */,
				65B9EB1B2828AD200099D1EC /* DashboardView.swift */,
				65B9EB1D2828AD300099D1EC /* ProductDetailView.swift */,
				65B9EB1F2828AD4A0099D1EC /* NewProductView.swift */,
				65B9EB212828AD9E0099D1EC /* SellerDetailView.swift */,
				65B9EB232828ADF10099D1EC /* MenuView.swift */,
			);
			path = Views;
			sourceTree = "<group>";
		};
		65B9EB0E2828AA710099D1EC /* Data */ = {
			isa = PBXGroup;
			children = (
			);
			path = Data;
			sourceTree = "<group>";
		};
		65B9EB102828AA870099D1EC /* CustomObjects */ = {
			isa = PBXGroup;
			children = (
				65B9EB332828AF090099D1EC /* ProductCard.swift */,
				65B9EB352828AF220099D1EC /* CustomTextField.swift */,
				65B9EB372828AF2F0099D1EC /* CustomButton.swift */,
				65B9EB392828AF720099D1EC /* CustomPicker.swift */,
				65D114C0282A2D7F00626B39 /* AddProductButton.swift */,
				65F33C57282A4E25001A57C0 /* MenuButton.swift */,
				65892231282AFE2B003BFB7E /* SocialMediaButton.swift */,
				65892233282B0773003BFB7E /* ProductPostCard.swift */,
				65892235282B1167003BFB7E /* BttmTitle.swift */,
			);
			path = CustomObjects;
			sourceTree = "<group>";
		};
		65B9EB142828ACB40099D1EC /* Auth */ = {
			isa = PBXGroup;
			children = (
				65B9EB152828ACD90099D1EC /* SchoolView.swift */,
				65B9EB172828ACEA0099D1EC /* LoginView.swift */,
				65B9EB192828ACFD0099D1EC /* SignupView.swift */,
				65E3ECE22829F405008053D9 /* AuthView.swift */,
			);
			path = Auth;
			sourceTree = "<group>";
		};
		65B9EB252828ADF50099D1EC /* Menu */ = {
			isa = PBXGroup;
			children = (
				65B9EB262828AE040099D1EC /* EditProfileView.swift */,
				65B9EB282828AE210099D1EC /* SettingsView.swift */,
				65B9EB2A2828AE420099D1EC /* ProductsView.swift */,
				65B9EB2C2828AE510099D1EC /* HelpView.swift */,
			);
			path = Menu;
			sourceTree = "<group>";
		};
		65D114C2282A336A00626B39 /* Dashboard */ = {
			isa = PBXGroup;
			children = (
				65D114C3282A338800626B39 /* ProductGridView.swift */,
				65D114C5282A33FC00626B39 /* TopBarView.swift */,
				65D35CE0282A397300744D80 /* FilterView.swift */,
			);
			path = Dashboard;
			sourceTree = "<group>";
		};
/* End PBXGroup section */

/* Begin PBXNativeTarget section */
		65B9EAFA2828A9760099D1EC /* Unimarket */ = {
			isa = PBXNativeTarget;
			buildConfigurationList = 65B9EB092828A97B0099D1EC /* Build configuration list for PBXNativeTarget "Unimarket" */;
			buildPhases = (
				65B9EAF72828A9760099D1EC /* Sources */,
				65B9EAF82828A9760099D1EC /* Frameworks */,
				65B9EAF92828A9760099D1EC /* Resources */,
			);
			buildRules = (
			);
			dependencies = (
			);
			name = Unimarket;
			productName = Unimarket;
			productReference = 65B9EAFB2828A9760099D1EC /* UniMarket.app */;
			productType = "com.apple.product-type.application";
		};
/* End PBXNativeTarget section */

/* Begin PBXProject section */
		65B9EAF32828A9760099D1EC /* Project object */ = {
			isa = PBXProject;
			attributes = {
				BuildIndependentTargetsInParallel = 1;
				LastSwiftUpdateCheck = 1330;
				LastUpgradeCheck = 1330;
				TargetAttributes = {
					65B9EAFA2828A9760099D1EC = {
						CreatedOnToolsVersion = 13.3.1;
					};
				};
			};
			buildConfigurationList = 65B9EAF62828A9760099D1EC /* Build configuration list for PBXProject "Unimarket" */;
			compatibilityVersion = "Xcode 13.0";
			developmentRegion = en;
			hasScannedForEncodings = 0;
			knownRegions = (
				en,
				Base,
			);
			mainGroup = 65B9EAF22828A9760099D1EC;
			productRefGroup = 65B9EAFC2828A9760099D1EC /* Products */;
			projectDirPath = "";
			projectRoot = "";
			targets = (
				65B9EAFA2828A9760099D1EC /* Unimarket */,
			);
		};
/* End PBXProject section */

/* Begin PBXResourcesBuildPhase section */
		65B9EAF92828A9760099D1EC /* Resources */ = {
			isa = PBXResourcesBuildPhase;
			buildActionMask = 2147483647;
			files = (
				65B9EB062828A97B0099D1EC /* Preview Assets.xcassets in Resources */,
				65B9EB032828A97B0099D1EC /* Assets.xcassets in Resources */,
			);
			runOnlyForDeploymentPostprocessing = 0;
		};
/* End PBXResourcesBuildPhase section */

/* Begin PBXSourcesBuildPhase section */
		65B9EAF72828A9760099D1EC /* Sources */ = {
			isa = PBXSourcesBuildPhase;
			buildActionMask = 2147483647;
			files = (
				65B9EB2B2828AE420099D1EC /* ProductsView.swift in Sources */,
				65B9EB222828AD9E0099D1EC /* SellerDetailView.swift in Sources */,
				65B9EB382828AF2F0099D1EC /* CustomButton.swift in Sources */,
				65D114C1282A2D7F00626B39 /* AddProductButton.swift in Sources */,
				65D35CE1282A397300744D80 /* FilterView.swift in Sources */,
				65B9EB1A2828ACFD0099D1EC /* SignupView.swift in Sources */,
				65B9EB1E2828AD300099D1EC /* ProductDetailView.swift in Sources */,
				65B9EB202828AD4A0099D1EC /* NewProductView.swift in Sources */,
				65E3ECE32829F405008053D9 /* AuthView.swift in Sources */,
				65B9EB012828A9760099D1EC /* ContentView.swift in Sources */,
				65B9EB122828AC920099D1EC /* MainView.swift in Sources */,
				65B9EB342828AF090099D1EC /* ProductCard.swift in Sources */,
				65B9EB362828AF220099D1EC /* CustomTextField.swift in Sources */,
				65B9EB272828AE040099D1EC /* EditProfileView.swift in Sources */,
				65892234282B0773003BFB7E /* ProductPostCard.swift in Sources */,
				65892236282B1167003BFB7E /* BttmTitle.swift in Sources */,
				65B9EB1C2828AD200099D1EC /* DashboardView.swift in Sources */,
				65D114C6282A33FC00626B39 /* TopBarView.swift in Sources */,
				65B9EB3A2828AF720099D1EC /* CustomPicker.swift in Sources */,
				65B9EB242828ADF10099D1EC /* MenuView.swift in Sources */,
				65B9EB162828ACD90099D1EC /* SchoolView.swift in Sources */,
				65892232282AFE2B003BFB7E /* SocialMediaButton.swift in Sources */,
				65B9EB182828ACEA0099D1EC /* LoginView.swift in Sources */,
				65D114C4282A338800626B39 /* ProductGridView.swift in Sources */,
				65B9EAFF2828A9760099D1EC /* UnimarketApp.swift in Sources */,
				65F33C58282A4E25001A57C0 /* MenuButton.swift in Sources */,
				65B9EB2D2828AE510099D1EC /* HelpView.swift in Sources */,
				65B9EB292828AE210099D1EC /* SettingsView.swift in Sources */,
			);
			runOnlyForDeploymentPostprocessing = 0;
		};
/* End PBXSourcesBuildPhase section */

/* Begin XCBuildConfiguration section */
		65B9EB072828A97B0099D1EC /* Debug */ = {
			isa = XCBuildConfiguration;
			buildSettings = {
				ALWAYS_SEARCH_USER_PATHS = NO;
				CLANG_ANALYZER_NONNULL = YES;
				CLANG_ANALYZER_NUMBER_OBJECT_CONVERSION = YES_AGGRESSIVE;
				CLANG_CXX_LANGUAGE_STANDARD = "gnu++17";
				CLANG_ENABLE_MODULES = YES;
				CLANG_ENABLE_OBJC_ARC = YES;
				CLANG_ENABLE_OBJC_WEAK = YES;
				CLANG_WARN_BLOCK_CAPTURE_AUTORELEASING = YES;
				CLANG_WARN_BOOL_CONVERSION = YES;
				CLANG_WARN_COMMA = YES;
				CLANG_WARN_CONSTANT_CONVERSION = YES;
				CLANG_WARN_DEPRECATED_OBJC_IMPLEMENTATIONS = YES;
				CLANG_WARN_DIRECT_OBJC_ISA_USAGE = YES_ERROR;
				CLANG_WARN_DOCUMENTATION_COMMENTS = YES;
				CLANG_WARN_EMPTY_BODY = YES;
				CLANG_WARN_ENUM_CONVERSION = YES;
				CLANG_WARN_INFINITE_RECURSION = YES;
				CLANG_WARN_INT_CONVERSION = YES;
				CLANG_WARN_NON_LITERAL_NULL_CONVERSION = YES;
				CLANG_WARN_OBJC_IMPLICIT_RETAIN_SELF = YES;
				CLANG_WARN_OBJC_LITERAL_CONVERSION = YES;
				CLANG_WARN_OBJC_ROOT_CLASS = YES_ERROR;
				CLANG_WARN_QUOTED_INCLUDE_IN_FRAMEWORK_HEADER = YES;
				CLANG_WARN_RANGE_LOOP_ANALYSIS = YES;
				CLANG_WARN_STRICT_PROTOTYPES = YES;
				CLANG_WARN_SUSPICIOUS_MOVE = YES;
				CLANG_WARN_UNGUARDED_AVAILABILITY = YES_AGGRESSIVE;
				CLANG_WARN_UNREACHABLE_CODE = YES;
				CLANG_WARN__DUPLICATE_METHOD_MATCH = YES;
				COPY_PHASE_STRIP = NO;
				DEBUG_INFORMATION_FORMAT = dwarf;
				ENABLE_STRICT_OBJC_MSGSEND = YES;
				ENABLE_TESTABILITY = YES;
				GCC_C_LANGUAGE_STANDARD = gnu11;
				GCC_DYNAMIC_NO_PIC = NO;
				GCC_NO_COMMON_BLOCKS = YES;
				GCC_OPTIMIZATION_LEVEL = 0;
				GCC_PREPROCESSOR_DEFINITIONS = (
					"DEBUG=1",
					"$(inherited)",
				);
				GCC_WARN_64_TO_32_BIT_CONVERSION = YES;
				GCC_WARN_ABOUT_RETURN_TYPE = YES_ERROR;
				GCC_WARN_UNDECLARED_SELECTOR = YES;
				GCC_WARN_UNINITIALIZED_AUTOS = YES_AGGRESSIVE;
				GCC_WARN_UNUSED_FUNCTION = YES;
				GCC_WARN_UNUSED_VARIABLE = YES;
				IPHONEOS_DEPLOYMENT_TARGET = 15.4;
				MTL_ENABLE_DEBUG_INFO = INCLUDE_SOURCE;
				MTL_FAST_MATH = YES;
				ONLY_ACTIVE_ARCH = YES;
				SDKROOT = iphoneos;
				SWIFT_ACTIVE_COMPILATION_CONDITIONS = DEBUG;
				SWIFT_OPTIMIZATION_LEVEL = "-Onone";
			};
			name = Debug;
		};
		65B9EB082828A97B0099D1EC /* Release */ = {
			isa = XCBuildConfiguration;
			buildSettings = {
				ALWAYS_SEARCH_USER_PATHS = NO;
				CLANG_ANALYZER_NONNULL = YES;
				CLANG_ANALYZER_NUMBER_OBJECT_CONVERSION = YES_AGGRESSIVE;
				CLANG_CXX_LANGUAGE_STANDARD = "gnu++17";
				CLANG_ENABLE_MODULES = YES;
				CLANG_ENABLE_OBJC_ARC = YES;
				CLANG_ENABLE_OBJC_WEAK = YES;
				CLANG_WARN_BLOCK_CAPTURE_AUTORELEASING = YES;
				CLANG_WARN_BOOL_CONVERSION = YES;
				CLANG_WARN_COMMA = YES;
				CLANG_WARN_CONSTANT_CONVERSION = YES;
				CLANG_WARN_DEPRECATED_OBJC_IMPLEMENTATIONS = YES;
				CLANG_WARN_DIRECT_OBJC_ISA_USAGE = YES_ERROR;
				CLANG_WARN_DOCUMENTATION_COMMENTS = YES;
				CLANG_WARN_EMPTY_BODY = YES;
				CLANG_WARN_ENUM_CONVERSION = YES;
				CLANG_WARN_INFINITE_RECURSION = YES;
				CLANG_WARN_INT_CONVERSION = YES;
				CLANG_WARN_NON_LITERAL_NULL_CONVERSION = YES;
				CLANG_WARN_OBJC_IMPLICIT_RETAIN_SELF = YES;
				CLANG_WARN_OBJC_LITERAL_CONVERSION = YES;
				CLANG_WARN_OBJC_ROOT_CLASS = YES_ERROR;
				CLANG_WARN_QUOTED_INCLUDE_IN_FRAMEWORK_HEADER = YES;
				CLANG_WARN_RANGE_LOOP_ANALYSIS = YES;
				CLANG_WARN_STRICT_PROTOTYPES = YES;
				CLANG_WARN_SUSPICIOUS_MOVE = YES;
				CLANG_WARN_UNGUARDED_AVAILABILITY = YES_AGGRESSIVE;
				CLANG_WARN_UNREACHABLE_CODE = YES;
				CLANG_WARN__DUPLICATE_METHOD_MATCH = YES;
				COPY_PHASE_STRIP = NO;
				DEBUG_INFORMATION_FORMAT = "dwarf-with-dsym";
				ENABLE_NS_ASSERTIONS = NO;
				ENABLE_STRICT_OBJC_MSGSEND = YES;
				GCC_C_LANGUAGE_STANDARD = gnu11;
				GCC_NO_COMMON_BLOCKS = YES;
				GCC_WARN_64_TO_32_BIT_CONVERSION = YES;
				GCC_WARN_ABOUT_RETURN_TYPE = YES_ERROR;
				GCC_WARN_UNDECLARED_SELECTOR = YES;
				GCC_WARN_UNINITIALIZED_AUTOS = YES_AGGRESSIVE;
				GCC_WARN_UNUSED_FUNCTION = YES;
				GCC_WARN_UNUSED_VARIABLE = YES;
				IPHONEOS_DEPLOYMENT_TARGET = 15.4;
				MTL_ENABLE_DEBUG_INFO = NO;
				MTL_FAST_MATH = YES;
				SDKROOT = iphoneos;
				SWIFT_COMPILATION_MODE = wholemodule;
				SWIFT_OPTIMIZATION_LEVEL = "-O";
				VALIDATE_PRODUCT = YES;
			};
			name = Release;
		};
		65B9EB0A2828A97B0099D1EC /* Debug */ = {
			isa = XCBuildConfiguration;
			buildSettings = {
				ASSETCATALOG_COMPILER_APPICON_NAME = AppIcon;
				ASSETCATALOG_COMPILER_GLOBAL_ACCENT_COLOR_NAME = AccentColor;
				CODE_SIGN_STYLE = Automatic;
				CURRENT_PROJECT_VERSION = 1;
				DEVELOPMENT_ASSET_PATHS = "\"Unimarket/Preview Content\"";
				DEVELOPMENT_TEAM = 9985P7A397;
				ENABLE_PREVIEWS = YES;
				GENERATE_INFOPLIST_FILE = YES;
				INFOPLIST_KEY_UIApplicationSceneManifest_Generation = YES;
				INFOPLIST_KEY_UIApplicationSupportsIndirectInputEvents = YES;
				INFOPLIST_KEY_UILaunchScreen_Generation = YES;
				INFOPLIST_KEY_UISupportedInterfaceOrientations = UIInterfaceOrientationPortrait;
				INFOPLIST_KEY_UISupportedInterfaceOrientations_iPad = "UIInterfaceOrientationPortrait UIInterfaceOrientationPortraitUpsideDown UIInterfaceOrientationLandscapeLeft UIInterfaceOrientationLandscapeRight";
				INFOPLIST_KEY_UISupportedInterfaceOrientations_iPhone = UIInterfaceOrientationPortrait;
				IPHONEOS_DEPLOYMENT_TARGET = 15.0;
				LD_RUNPATH_SEARCH_PATHS = (
					"$(inherited)",
					"@executable_path/Frameworks",
				);
				MARKETING_VERSION = 1.0;
				PRODUCT_BUNDLE_IDENTIFIER = com.school.Unimarket;
				PRODUCT_NAME = UniMarket;
				SWIFT_EMIT_LOC_STRINGS = YES;
				SWIFT_VERSION = 5.0;
				TARGETED_DEVICE_FAMILY = 1;
			};
			name = Debug;
		};
		65B9EB0B2828A97B0099D1EC /* Release */ = {
			isa = XCBuildConfiguration;
			buildSettings = {
				ASSETCATALOG_COMPILER_APPICON_NAME = AppIcon;
				ASSETCATALOG_COMPILER_GLOBAL_ACCENT_COLOR_NAME = AccentColor;
				CODE_SIGN_STYLE = Automatic;
				CURRENT_PROJECT_VERSION = 1;
				DEVELOPMENT_ASSET_PATHS = "\"Unimarket/Preview Content\"";
				DEVELOPMENT_TEAM = 9985P7A397;
				ENABLE_PREVIEWS = YES;
				GENERATE_INFOPLIST_FILE = YES;
				INFOPLIST_KEY_UIApplicationSceneManifest_Generation = YES;
				INFOPLIST_KEY_UIApplicationSupportsIndirectInputEvents = YES;
				INFOPLIST_KEY_UILaunchScreen_Generation = YES;
				INFOPLIST_KEY_UISupportedInterfaceOrientations = UIInterfaceOrientationPortrait;
				INFOPLIST_KEY_UISupportedInterfaceOrientations_iPad = "UIInterfaceOrientationPortrait UIInterfaceOrientationPortraitUpsideDown UIInterfaceOrientationLandscapeLeft UIInterfaceOrientationLandscapeRight";
				INFOPLIST_KEY_UISupportedInterfaceOrientations_iPhone = UIInterfaceOrientationPortrait;
				IPHONEOS_DEPLOYMENT_TARGET = 15.0;
				LD_RUNPATH_SEARCH_PATHS = (
					"$(inherited)",
					"@executable_path/Frameworks",
				);
				MARKETING_VERSION = 1.0;
				PRODUCT_BUNDLE_IDENTIFIER = com.school.Unimarket;
				PRODUCT_NAME = UniMarket;
				SWIFT_EMIT_LOC_STRINGS = YES;
				SWIFT_VERSION = 5.0;
				TARGETED_DEVICE_FAMILY = 1;
			};
			name = Release;
		};
/* End XCBuildConfiguration section */

/* Begin XCConfigurationList section */
		65B9EAF62828A9760099D1EC /* Build configuration list for PBXProject "Unimarket" */ = {
			isa = XCConfigurationList;
			buildConfigurations = (
				65B9EB072828A97B0099D1EC /* Debug */,
				65B9EB082828A97B0099D1EC /* Release */,
			);
			defaultConfigurationIsVisible = 0;
			defaultConfigurationName = Release;
		};
		65B9EB092828A97B0099D1EC /* Build configuration list for PBXNativeTarget "Unimarket" */ = {
			isa = XCConfigurationList;
			buildConfigurations = (
				65B9EB0A2828A97B0099D1EC /* Debug */,
				65B9EB0B2828A97B0099D1EC /* Release */,
			);
			defaultConfigurationIsVisible = 0;
			defaultConfigurationName = Release;
		};
/* End XCConfigurationList section */
	};
	rootObject = 65B9EAF32828A9760099D1EC /* Project object */;
}
